
Microsoft Visual Studio Solution File, Format Version 12.00
# Visual Studio Version 17
VisualStudioVersion = 17.5.002.0
MinimumVisualStudioVersion = 10.0.40219.1
Project("{9A19103F-16F7-4668-BE54-9A1E7A4F7556}") = "ag.DbData.SqlServer", "ag.DbData.SqlServer.csproj", "{480F90F2-069C-4320-9946-E93E48772850}"
EndProject
Global
	GlobalSection(SolutionConfigurationPlatforms) = preSolution
		Debug|Any CPU = Debug|Any CPU
		Release|Any CPU = Release|Any CPU
	EndGlobalSection
	GlobalSection(ProjectConfigurationPlatforms) = postSolution
		{480F90F2-069C-4320-9946-E93E48772850}.Debug|Any CPU.ActiveCfg = Debug|Any CPU
		{480F90F2-069C-4320-9946-E93E48772850}.Debug|Any CPU.Build.0 = Debug|Any CPU
		{480F90F2-069C-4320-9946-E93E48772850}.Release|Any CPU.ActiveCfg = Release|Any CPU
		{480F90F2-069C-4320-9946-E93E48772850}.Release|Any CPU.Build.0 = Release|Any CPU
	EndGlobalSection
	GlobalSection(SolutionProperties) = preSolution
		HideSolutionNode = FALSE
	EndGlobalSection
	GlobalSection(ExtensibilityGlobals) = postSolution
		SolutionGuid = {706B02C4-0CA5-4697-8913-4A349F51CDC4}
	EndGlobalSection
EndGlobal
